
Microsoft Visual Studio Solution File, Format Version 12.00
# Visual Studio Version 17
VisualStudioVersion = 17.14.36616.10 d17.14
MinimumVisualStudioVersion = 10.0.40219.1
Project("{FAE04EC0-301F-11D3-BF4B-00C04F79EFBC}") = "BasicGitProject", "BasicGitProject\BasicGitProject.csproj", "{C3259F5D-CC2C-4A8F-B7C9-908A4B540B2A}"
EndProject
Global
	GlobalSection(SolutionConfigurationPlatforms) = preSolution
		Debug|Any CPU = Debug|Any CPU
		Release|Any CPU = Release|Any CPU
	EndGlobalSection
	GlobalSection(ProjectConfigurationPlatforms) = postSolution
		{C3259F5D-CC2C-4A8F-B7C9-908A4B540B2A}.Debug|Any CPU.ActiveCfg = Debug|Any CPU
		{C3259F5D-CC2C-4A8F-B7C9-908A4B540B2A}.Debug|Any CPU.Build.0 = Debug|Any CPU
		{C3259F5D-CC2C-4A8F-B7C9-908A4B540B2A}.Release|Any CPU.ActiveCfg = Release|Any CPU
		{C3259F5D-CC2C-4A8F-B7C9-908A4B540B2A}.Release|Any CPU.Build.0 = Release|Any CPU
	EndGlobalSection
	GlobalSection(SolutionProperties) = preSolution
		HideSolutionNode = FALSE
	EndGlobalSection
	GlobalSection(ExtensibilityGlobals) = postSolution
		SolutionGuid = {EA7BBD59-B190-42F3-A5D9-D412DC7BDFB4}
	EndGlobalSection
EndGlobal
